
Microsoft Visual Studio Solution File, Format Version 12.00
# Visual Studio Version 17
VisualStudioVersion = 17.8.34408.163
MinimumVisualStudioVersion = 10.0.40219.1
Project("{FAE04EC0-301F-11D3-BF4B-00C04F79EFBC}") = "TestinyTestProject", "TestinyTestProject\TestinyTestProject.csproj", "{7080976D-8151-41E1-B302-D64B4D953BFF}"
EndProject
Global
	GlobalSection(SolutionConfigurationPlatforms) = preSolution
		Debug|Any CPU = Debug|Any CPU
		Release|Any CPU = Release|Any CPU
	EndGlobalSection
	GlobalSection(ProjectConfigurationPlatforms) = postSolution
		{7080976D-8151-41E1-B302-D64B4D953BFF}.Debug|Any CPU.ActiveCfg = Debug|Any CPU
		{7080976D-8151-41E1-B302-D64B4D953BFF}.Debug|Any CPU.Build.0 = Debug|Any CPU
		{7080976D-8151-41E1-B302-D64B4D953BFF}.Release|Any CPU.ActiveCfg = Release|Any CPU
		{7080976D-8151-41E1-B302-D64B4D953BFF}.Release|Any CPU.Build.0 = Release|Any CPU
	EndGlobalSection
	GlobalSection(SolutionProperties) = preSolution
		HideSolutionNode = FALSE
	EndGlobalSection
	GlobalSection(ExtensibilityGlobals) = postSolution
		SolutionGuid = {B22D7BAB-ADA0-4710-BDC4-7E7F8860BD53}
	EndGlobalSection
EndGlobal
